<?xml version="1.0" encoding="utf-8"?>
<Project ToolsVersion="4.0" xmlns="http://schemas.microsoft.com/developer/msbuild/2003">
  <ItemGroup>
    <ClCompile Include="xor.cpp" />
    <ClCompile Include="aes.cpp" />
    <ClCompile Include="crypto.cpp" />
    <ClCompile Include="hook.cpp" />
    <ClCompile Include="exception.cpp" />
  </ItemGroup>
  <ItemGroup>
    <ClInclude Include="xor.h" />
    <ClInclude Include="aes.h" />
    <ClInclude Include="stdafx.h" />
    <ClInclude Include="crypto.h" />
    <ClInclude Include="hook.h" />
    <ClInclude Include="exception.h" />
  </ItemGroup>
</Project>